// !$*UTF8*$!
{
	archiveVersion = 1;
	classes = {
	};
	objectVersion = 46;
	objects = {

/* Begin PBXBuildFile section */
		7E0342411D2FC5F50050043F /* RedLightPattern.swift in Sources */ = {isa = PBXBuildFile; fileRef = 7E0342401D2FC5F50050043F /* RedLightPattern.swift */; };
		7E0644121D36359A00772B68 /* AlphaView.swift in Sources */ = {isa = PBXBuildFile; fileRef = 7E0644111D36359A00772B68 /* AlphaView.swift */; };
		7E0644161D37664A00772B68 /* alpha.png in Resources */ = {isa = PBXBuildFile; fileRef = 7E0644151D37664A00772B68 /* alpha.png */; };
		7E06441A1D376A2000772B68 /* bin.png in Resources */ = {isa = PBXBuildFile; fileRef = 7E0644191D376A2000772B68 /* bin.png */; };
		7E06441C1D376B1900772B68 /* dup.png in Resources */ = {isa = PBXBuildFile; fileRef = 7E06441B1D376B1900772B68 /* dup.png */; };
		7E0CFDAD1D3E2F7F00B51D80 /* save.png in Resources */ = {isa = PBXBuildFile; fileRef = 7E0CFDAC1D3E2F7F00B51D80 /* save.png */; };
		7E303EE41CCF09ED00241163 /* line2_pattern.jpg in Resources */ = {isa = PBXBuildFile; fileRef = 7E303EE31CCF09ED00241163 /* line2_pattern.jpg */; };
		7E303EE81CCF0F9D00241163 /* line3_pattern.jpg in Resources */ = {isa = PBXBuildFile; fileRef = 7E303EE71CCF0F9D00241163 /* line3_pattern.jpg */; };
		7E303EEA1CCF5E0F00241163 /* lamp line 3.jpg in Resources */ = {isa = PBXBuildFile; fileRef = 7E303EE91CCF5E0F00241163 /* lamp line 3.jpg */; };
		7E303EEC1CD18F4300241163 /* line4_pattern.jpg in Resources */ = {isa = PBXBuildFile; fileRef = 7E303EEB1CD18F4300241163 /* line4_pattern.jpg */; };
		7E303EEE1CD1A34000241163 /* ipad_vistool_icon.png in Resources */ = {isa = PBXBuildFile; fileRef = 7E303EED1CD1A34000241163 /* ipad_vistool_icon.png */; };
		7E3D8EC01CC8C353002ABA9B /* LightPatternCollectionViewCell.swift in Sources */ = {isa = PBXBuildFile; fileRef = 7E3D8EBF1CC8C353002ABA9B /* LightPatternCollectionViewCell.swift */; };
		7E3D8EC51CC9BC28002ABA9B /* green_icon.png in Resources */ = {isa = PBXBuildFile; fileRef = 7E3D8EC31CC9BC28002ABA9B /* green_icon.png */; };
		7E3D8EC61CC9BC28002ABA9B /* green_pattern.jpg in Resources */ = {isa = PBXBuildFile; fileRef = 7E3D8EC41CC9BC28002ABA9B /* green_pattern.jpg */; };
		7E3D8EC81CC9BCCE002ABA9B /* red_pattern.jpg in Resources */ = {isa = PBXBuildFile; fileRef = 7E3D8EC71CC9BCCE002ABA9B /* red_pattern.jpg */; };
		7E3D8ECA1CC9C746002ABA9B /* blue_pattern.jpg in Resources */ = {isa = PBXBuildFile; fileRef = 7E3D8EC91CC9C746002ABA9B /* blue_pattern.jpg */; };
		7E3D8ECE1CC9DBED002ABA9B /* brightness_icon.png in Resources */ = {isa = PBXBuildFile; fileRef = 7E3D8ECD1CC9DBED002ABA9B /* brightness_icon.png */; };
		7E3D8ED01CC9DC05002ABA9B /* brightness_pattern.jpg in Resources */ = {isa = PBXBuildFile; fileRef = 7E3D8ECF1CC9DC05002ABA9B /* brightness_pattern.jpg */; };
		7E3D8ED21CC9F66C002ABA9B /* circle_pattern.jpg in Resources */ = {isa = PBXBuildFile; fileRef = 7E3D8ED11CC9F66C002ABA9B /* circle_pattern.jpg */; };
		7E3D8ED41CC9FF3A002ABA9B /* rect_pattern.jpg in Resources */ = {isa = PBXBuildFile; fileRef = 7E3D8ED31CC9FF3A002ABA9B /* rect_pattern.jpg */; };
		7E3D8ED61CCA0976002ABA9B /* line_pattern.jpg in Resources */ = {isa = PBXBuildFile; fileRef = 7E3D8ED51CCA0976002ABA9B /* line_pattern.jpg */; };
		7E40DD381CC4CFBE00440435 /* FontAwesome.otf in Resources */ = {isa = PBXBuildFile; fileRef = 7E40DD371CC4CF0D00440435 /* FontAwesome.otf */; };
		7E40DD3A1CC4D1C600440435 /* default.png in Resources */ = {isa = PBXBuildFile; fileRef = 7E40DD391CC4D1C600440435 /* default.png */; };
		7E4F55591D3213E70019B66E /* DrawCollectionViewCell.swift in Sources */ = {isa = PBXBuildFile; fileRef = 7E4F55581D3213E70019B66E /* DrawCollectionViewCell.swift */; };
		7E4FA2781D3246440021442E /* add.png in Resources */ = {isa = PBXBuildFile; fileRef = 7E4FA2771D3246440021442E /* add.png */; };
		7E5F066F1D2F8E7800CE5A62 /* ImageCollectionViewCell.swift in Sources */ = {isa = PBXBuildFile; fileRef = 7E5F066E1D2F8E7800CE5A62 /* ImageCollectionViewCell.swift */; };
		7E7052441D291DF2007466D6 /* text_pattern.jpg in Resources */ = {isa = PBXBuildFile; fileRef = 7E7052431D291DF2007466D6 /* text_pattern.jpg */; };
		7E806EA01D32597B0003B679 /* BrightnessView.swift in Sources */ = {isa = PBXBuildFile; fileRef = 7E806E9B1D32597B0003B679 /* BrightnessView.swift */; };
		7E806EA11D32597B0003B679 /* SwiftHSVColorPicker.swift in Sources */ = {isa = PBXBuildFile; fileRef = 7E806E9C1D32597B0003B679 /* SwiftHSVColorPicker.swift */; };
		7E806EA21D32597B0003B679 /* ColorUtils.swift in Sources */ = {isa = PBXBuildFile; fileRef = 7E806E9D1D32597B0003B679 /* ColorUtils.swift */; };
		7E806EA31D32597B0003B679 /* ColorWheel.swift in Sources */ = {isa = PBXBuildFile; fileRef = 7E806E9E1D32597B0003B679 /* ColorWheel.swift */; };
		7E806EA41D32597B0003B679 /* SelectedColorView.swift in Sources */ = {isa = PBXBuildFile; fileRef = 7E806E9F1D32597B0003B679 /* SelectedColorView.swift */; };
		7E8CEE741D1913A1001F5ED3 /* char_2.png in Resources */ = {isa = PBXBuildFile; fileRef = 7E8CEE6A1D1913A1001F5ED3 /* char_2.png */; };
		7E8CEE751D1913A1001F5ED3 /* char_9.png in Resources */ = {isa = PBXBuildFile; fileRef = 7E8CEE6B1D1913A1001F5ED3 /* char_9.png */; };
		7E8CEE761D1913A1001F5ED3 /* char_8.png in Resources */ = {isa = PBXBuildFile; fileRef = 7E8CEE6C1D1913A1001F5ED3 /* char_8.png */; };
		7E8CEE771D1913A1001F5ED3 /* char_7.png in Resources */ = {isa = PBXBuildFile; fileRef = 7E8CEE6D1D1913A1001F5ED3 /* char_7.png */; };
		7E8CEE781D1913A1001F5ED3 /* char_6.png in Resources */ = {isa = PBXBuildFile; fileRef = 7E8CEE6E1D1913A1001F5ED3 /* char_6.png */; };
		7E8CEE791D1913A1001F5ED3 /* char_5.png in Resources */ = {isa = PBXBuildFile; fileRef = 7E8CEE6F1D1913A1001F5ED3 /* char_5.png */; };
		7E8CEE7A1D1913A1001F5ED3 /* char_4.png in Resources */ = {isa = PBXBuildFile; fileRef = 7E8CEE701D1913A1001F5ED3 /* char_4.png */; };
		7E8CEE7B1D1913A1001F5ED3 /* char_3.png in Resources */ = {isa = PBXBuildFile; fileRef = 7E8CEE711D1913A1001F5ED3 /* char_3.png */; };
		7E8CEE7C1D1913A1001F5ED3 /* char_2.png in Resources */ = {isa = PBXBuildFile; fileRef = 7E8CEE721D1913A1001F5ED3 /* char_2.png */; };
		7E8CEE7D1D1913A1001F5ED3 /* char_1.png in Resources */ = {isa = PBXBuildFile; fileRef = 7E8CEE731D1913A1001F5ED3 /* char_1.png */; };
		7E8CEE7F1D1913EE001F5ED3 /* char_0.png in Resources */ = {isa = PBXBuildFile; fileRef = 7E8CEE7E1D1913EE001F5ED3 /* char_0.png */; };
		7EAE0F091D167FDA005C5DFF /* TextCharacter.swift in Sources */ = {isa = PBXBuildFile; fileRef = 7EAE0F081D167FDA005C5DFF /* TextCharacter.swift */; };
		7EAE0F0B1D168FB6005C5DFF /* char_A.png in Resources */ = {isa = PBXBuildFile; fileRef = 7EAE0F0A1D168FB6005C5DFF /* char_A.png */; };
		7EAE0F0F1D169337005C5DFF /* char_B.png in Resources */ = {isa = PBXBuildFile; fileRef = 7EAE0F0E1D169337005C5DFF /* char_B.png */; };
		7EAE0F111D169511005C5DFF /* char_C.png in Resources */ = {isa = PBXBuildFile; fileRef = 7EAE0F101D169511005C5DFF /* char_C.png */; };
		7EAE0F161D17EE29005C5DFF /* char_G.png in Resources */ = {isa = PBXBuildFile; fileRef = 7EAE0F121D17EE29005C5DFF /* char_G.png */; };
		7EAE0F171D17EE29005C5DFF /* char_F.png in Resources */ = {isa = PBXBuildFile; fileRef = 7EAE0F131D17EE29005C5DFF /* char_F.png */; };
		7EAE0F181D17EE29005C5DFF /* char_E.png in Resources */ = {isa = PBXBuildFile; fileRef = 7EAE0F141D17EE29005C5DFF /* char_E.png */; };
		7EAE0F191D17EE29005C5DFF /* char_D.png in Resources */ = {isa = PBXBuildFile; fileRef = 7EAE0F151D17EE29005C5DFF /* char_D.png */; };
		7EAE0F2D1D18147D005C5DFF /* char_Z.png in Resources */ = {isa = PBXBuildFile; fileRef = 7EAE0F1A1D18147D005C5DFF /* char_Z.png */; };
		7EAE0F2E1D18147D005C5DFF /* char_Y.png in Resources */ = {isa = PBXBuildFile; fileRef = 7EAE0F1B1D18147D005C5DFF /* char_Y.png */; };
		7EAE0F2F1D18147D005C5DFF /* char_X.png in Resources */ = {isa = PBXBuildFile; fileRef = 7EAE0F1C1D18147D005C5DFF /* char_X.png */; };
		7EAE0F301D18147D005C5DFF /* char_W.png in Resources */ = {isa = PBXBuildFile; fileRef = 7EAE0F1D1D18147D005C5DFF /* char_W.png */; };
		7EAE0F311D18147D005C5DFF /* char_V.png in Resources */ = {isa = PBXBuildFile; fileRef = 7EAE0F1E1D18147D005C5DFF /* char_V.png */; };
		7EAE0F321D18147D005C5DFF /* char_U.png in Resources */ = {isa = PBXBuildFile; fileRef = 7EAE0F1F1D18147D005C5DFF /* char_U.png */; };
		7EAE0F331D18147D005C5DFF /* char_T.png in Resources */ = {isa = PBXBuildFile; fileRef = 7EAE0F201D18147D005C5DFF /* char_T.png */; };
		7EAE0F341D18147D005C5DFF /* char_S.png in Resources */ = {isa = PBXBuildFile; fileRef = 7EAE0F211D18147D005C5DFF /* char_S.png */; };
		7EAE0F351D18147D005C5DFF /* char_R.png in Resources */ = {isa = PBXBuildFile; fileRef = 7EAE0F221D18147D005C5DFF /* char_R.png */; };
		7EAE0F361D18147D005C5DFF /* char_Q.png in Resources */ = {isa = PBXBuildFile; fileRef = 7EAE0F231D18147D005C5DFF /* char_Q.png */; };
		7EAE0F371D18147D005C5DFF /* char_P.png in Resources */ = {isa = PBXBuildFile; fileRef = 7EAE0F241D18147D005C5DFF /* char_P.png */; };
		7EAE0F391D18147D005C5DFF /* char_N.png in Resources */ = {isa = PBXBuildFile; fileRef = 7EAE0F261D18147D005C5DFF /* char_N.png */; };
		7EAE0F3B1D18147D005C5DFF /* char_L.png in Resources */ = {isa = PBXBuildFile; fileRef = 7EAE0F281D18147D005C5DFF /* char_L.png */; };
		7EAE0F3C1D18147D005C5DFF /* char_K.png in Resources */ = {isa = PBXBuildFile; fileRef = 7EAE0F291D18147D005C5DFF /* char_K.png */; };
		7EAE0F3D1D18147D005C5DFF /* char_J.png in Resources */ = {isa = PBXBuildFile; fileRef = 7EAE0F2A1D18147D005C5DFF /* char_J.png */; };
		7EAE0F3E1D18147D005C5DFF /* char_I.png in Resources */ = {isa = PBXBuildFile; fileRef = 7EAE0F2B1D18147D005C5DFF /* char_I.png */; };
		7EAE0F3F1D18147D005C5DFF /* char_H.png in Resources */ = {isa = PBXBuildFile; fileRef = 7EAE0F2C1D18147D005C5DFF /* char_H.png */; };
		7EAE0F411D181513005C5DFF /* char_M.png in Resources */ = {isa = PBXBuildFile; fileRef = 7EAE0F401D181513005C5DFF /* char_M.png */; };
		7EAE0F431D18159E005C5DFF /* char_O.png in Resources */ = {isa = PBXBuildFile; fileRef = 7EAE0F421D18159E005C5DFF /* char_O.png */; };
		7ED00A471CC124BD00AC0A16 /* AppDelegate.swift in Sources */ = {isa = PBXBuildFile; fileRef = 7ED00A461CC124BD00AC0A16 /* AppDelegate.swift */; };
		7ED00A491CC124BD00AC0A16 /* ViewController.swift in Sources */ = {isa = PBXBuildFile; fileRef = 7ED00A481CC124BD00AC0A16 /* ViewController.swift */; };
		7ED00A4C1CC124BD00AC0A16 /* Main.storyboard in Resources */ = {isa = PBXBuildFile; fileRef = 7ED00A4A1CC124BD00AC0A16 /* Main.storyboard */; };
		7ED00A4E1CC124BD00AC0A16 /* Assets.xcassets in Resources */ = {isa = PBXBuildFile; fileRef = 7ED00A4D1CC124BD00AC0A16 /* Assets.xcassets */; };
		7ED00A511CC124BD00AC0A16 /* LaunchScreen.storyboard in Resources */ = {isa = PBXBuildFile; fileRef = 7ED00A4F1CC124BD00AC0A16 /* LaunchScreen.storyboard */; };
		7ED00A5C1CC124BD00AC0A16 /* LightVisToolTests.swift in Sources */ = {isa = PBXBuildFile; fileRef = 7ED00A5B1CC124BD00AC0A16 /* LightVisToolTests.swift */; };
		7ED00A671CC124BD00AC0A16 /* LightVisToolUITests.swift in Sources */ = {isa = PBXBuildFile; fileRef = 7ED00A661CC124BD00AC0A16 /* LightVisToolUITests.swift */; };
		7ED00A751CC2737A00AC0A16 /* PreviewLight.swift in Sources */ = {isa = PBXBuildFile; fileRef = 7ED00A741CC2737A00AC0A16 /* PreviewLight.swift */; };
		7ED00A771CC3338E00AC0A16 /* UIDevice.swift in Sources */ = {isa = PBXBuildFile; fileRef = 7ED00A761CC3338E00AC0A16 /* UIDevice.swift */; };
		7ED00A791CC3678B00AC0A16 /* weather (1).png in Resources */ = {isa = PBXBuildFile; fileRef = 7ED00A781CC3678B00AC0A16 /* weather (1).png */; };
		7ED00A7B1CC36D3000AC0A16 /* paint.png in Resources */ = {isa = PBXBuildFile; fileRef = 7ED00A7A1CC36D3000AC0A16 /* paint.png */; };
		7ED00A7D1CC374E400AC0A16 /* paint (1).png in Resources */ = {isa = PBXBuildFile; fileRef = 7ED00A7C1CC374E400AC0A16 /* paint (1).png */; };
		7ED00A7F1CC3751D00AC0A16 /* paint (2).png in Resources */ = {isa = PBXBuildFile; fileRef = 7ED00A7E1CC3751D00AC0A16 /* paint (2).png */; };
		7ED00A811CC39F1A00AC0A16 /* circle.png in Resources */ = {isa = PBXBuildFile; fileRef = 7ED00A801CC39F1A00AC0A16 /* circle.png */; };
		7EF4C9B31D33554A007316EC /* image_pattern.jpg in Resources */ = {isa = PBXBuildFile; fileRef = 7EF4C9B21D33554A007316EC /* image_pattern.jpg */; };
		7EF4C9B51D3359DF007316EC /* light_pattern.jpg in Resources */ = {isa = PBXBuildFile; fileRef = 7EF4C9B41D3359DF007316EC /* light_pattern.jpg */; };
/* End PBXBuildFile section */

/* Begin PBXContainerItemProxy section */
		7ED00A581CC124BD00AC0A16 /* PBXContainerItemProxy */ = {
			isa = PBXContainerItemProxy;
			containerPortal = 7ED00A3B1CC124BD00AC0A16 /* Project object */;
			proxyType = 1;
			remoteGlobalIDString = 7ED00A421CC124BD00AC0A16;
			remoteInfo = LightVisTool;
		};
		7ED00A631CC124BD00AC0A16 /* PBXContainerItemProxy */ = {
			isa = PBXContainerItemProxy;
			containerPortal = 7ED00A3B1CC124BD00AC0A16 /* Project object */;
			proxyType = 1;
			remoteGlobalIDString = 7ED00A421CC124BD00AC0A16;
			remoteInfo = LightVisTool;
		};
/* End PBXContainerItemProxy section */

/* Begin PBXCopyFilesBuildPhase section */
		7E2655BA1D28F8A1005E6D07 /* Embed App Extensions */ = {
			isa = PBXCopyFilesBuildPhase;
			buildActionMask = 2147483647;
			dstPath = "";
			dstSubfolderSpec = 13;
			files = (
			);
			name = "Embed App Extensions";
			runOnlyForDeploymentPostprocessing = 0;
		};
/* End PBXCopyFilesBuildPhase section */

/* Begin PBXFileReference section */
		7E0342401D2FC5F50050043F /* RedLightPattern.swift */ = {isa = PBXFileReference; fileEncoding = 4; lastKnownFileType = sourcecode.swift; path = RedLightPattern.swift; sourceTree = "<group>"; };
		7E0644111D36359A00772B68 /* AlphaView.swift */ = {isa = PBXFileReference; fileEncoding = 4; lastKnownFileType = sourcecode.swift; path = AlphaView.swift; sourceTree = "<group>"; };
		7E0644151D37664A00772B68 /* alpha.png */ = {isa = PBXFileReference; lastKnownFileType = image.png; path = alpha.png; sourceTree = "<group>"; };
		7E0644191D376A2000772B68 /* bin.png */ = {isa = PBXFileReference; lastKnownFileType = image.png; path = bin.png; sourceTree = "<group>"; };
		7E06441B1D376B1900772B68 /* dup.png */ = {isa = PBXFileReference; lastKnownFileType = image.png; path = dup.png; sourceTree = "<group>"; };
		7E0CFDAC1D3E2F7F00B51D80 /* save.png */ = {isa = PBXFileReference; lastKnownFileType = image.png; path = save.png; sourceTree = "<group>"; };
		7E303EE31CCF09ED00241163 /* line2_pattern.jpg */ = {isa = PBXFileReference; lastKnownFileType = image.jpeg; path = line2_pattern.jpg; sourceTree = "<group>"; };
		7E303EE71CCF0F9D00241163 /* line3_pattern.jpg */ = {isa = PBXFileReference; lastKnownFileType = image.jpeg; path = line3_pattern.jpg; sourceTree = "<group>"; };
		7E303EE91CCF5E0F00241163 /* lamp line 3.jpg */ = {isa = PBXFileReference; lastKnownFileType = image.jpeg; path = "lamp line 3.jpg"; sourceTree = "<group>"; };
		7E303EEB1CD18F4300241163 /* line4_pattern.jpg */ = {isa = PBXFileReference; lastKnownFileType = image.jpeg; path = line4_pattern.jpg; sourceTree = "<group>"; };
		7E303EED1CD1A34000241163 /* ipad_vistool_icon.png */ = {isa = PBXFileReference; lastKnownFileType = image.png; path = ipad_vistool_icon.png; sourceTree = "<group>"; };
		7E3D8EBF1CC8C353002ABA9B /* LightPatternCollectionViewCell.swift */ = {isa = PBXFileReference; fileEncoding = 4; lastKnownFileType = sourcecode.swift; name = LightPatternCollectionViewCell.swift; path = ../LightPatternCollectionViewCell.swift; sourceTree = "<group>"; };
		7E3D8EC31CC9BC28002ABA9B /* green_icon.png */ = {isa = PBXFileReference; lastKnownFileType = image.png; path = green_icon.png; sourceTree = "<group>"; };
		7E3D8EC41CC9BC28002ABA9B /* green_pattern.jpg */ = {isa = PBXFileReference; lastKnownFileType = image.jpeg; path = green_pattern.jpg; sourceTree = "<group>"; };
		7E3D8EC71CC9BCCE002ABA9B /* red_pattern.jpg */ = {isa = PBXFileReference; lastKnownFileType = image.jpeg; path = red_pattern.jpg; sourceTree = "<group>"; };
		7E3D8EC91CC9C746002ABA9B /* blue_pattern.jpg */ = {isa = PBXFileReference; lastKnownFileType = image.jpeg; path = blue_pattern.jpg; sourceTree = "<group>"; };
		7E3D8ECD1CC9DBED002ABA9B /* brightness_icon.png */ = {isa = PBXFileReference; lastKnownFileType = image.png; path = brightness_icon.png; sourceTree = "<group>"; };
		7E3D8ECF1CC9DC05002ABA9B /* brightness_pattern.jpg */ = {isa = PBXFileReference; lastKnownFileType = image.jpeg; path = brightness_pattern.jpg; sourceTree = "<group>"; };
		7E3D8ED11CC9F66C002ABA9B /* circle_pattern.jpg */ = {isa = PBXFileReference; lastKnownFileType = image.jpeg; path = circle_pattern.jpg; sourceTree = "<group>"; };
		7E3D8ED31CC9FF3A002ABA9B /* rect_pattern.jpg */ = {isa = PBXFileReference; lastKnownFileType = image.jpeg; path = rect_pattern.jpg; sourceTree = "<group>"; };
		7E3D8ED51CCA0976002ABA9B /* line_pattern.jpg */ = {isa = PBXFileReference; lastKnownFileType = image.jpeg; path = line_pattern.jpg; sourceTree = "<group>"; };
		7E40DD371CC4CF0D00440435 /* FontAwesome.otf */ = {isa = PBXFileReference; lastKnownFileType = file; name = FontAwesome.otf; path = ../FontAwesome.otf; sourceTree = "<group>"; };
		7E40DD391CC4D1C600440435 /* default.png */ = {isa = PBXFileReference; lastKnownFileType = image.png; path = default.png; sourceTree = "<group>"; };
		7E4F55581D3213E70019B66E /* DrawCollectionViewCell.swift */ = {isa = PBXFileReference; fileEncoding = 4; lastKnownFileType = sourcecode.swift; path = DrawCollectionViewCell.swift; sourceTree = "<group>"; };
		7E4FA2771D3246440021442E /* add.png */ = {isa = PBXFileReference; lastKnownFileType = image.png; path = add.png; sourceTree = "<group>"; };
		7E5F066E1D2F8E7800CE5A62 /* ImageCollectionViewCell.swift */ = {isa = PBXFileReference; fileEncoding = 4; lastKnownFileType = sourcecode.swift; path = ImageCollectionViewCell.swift; sourceTree = "<group>"; };
		7E7052431D291DF2007466D6 /* text_pattern.jpg */ = {isa = PBXFileReference; lastKnownFileType = image.jpeg; path = text_pattern.jpg; sourceTree = "<group>"; };
		7E806E9B1D32597B0003B679 /* BrightnessView.swift */ = {isa = PBXFileReference; fileEncoding = 4; lastKnownFileType = sourcecode.swift; path = BrightnessView.swift; sourceTree = "<group>"; };
		7E806E9C1D32597B0003B679 /* SwiftHSVColorPicker.swift */ = {isa = PBXFileReference; fileEncoding = 4; lastKnownFileType = sourcecode.swift; path = SwiftHSVColorPicker.swift; sourceTree = "<group>"; };
		7E806E9D1D32597B0003B679 /* ColorUtils.swift */ = {isa = PBXFileReference; fileEncoding = 4; lastKnownFileType = sourcecode.swift; path = ColorUtils.swift; sourceTree = "<group>"; };
		7E806E9E1D32597B0003B679 /* ColorWheel.swift */ = {isa = PBXFileReference; fileEncoding = 4; lastKnownFileType = sourcecode.swift; path = ColorWheel.swift; sourceTree = "<group>"; };
		7E806E9F1D32597B0003B679 /* SelectedColorView.swift */ = {isa = PBXFileReference; fileEncoding = 4; lastKnownFileType = sourcecode.swift; path = SelectedColorView.swift; sourceTree = "<group>"; };
		7E8CEE6A1D1913A1001F5ED3 /* char_2.png */ = {isa = PBXFileReference; lastKnownFileType = image.png; path = char_2.png; sourceTree = "<group>"; };
		7E8CEE6B1D1913A1001F5ED3 /* char_9.png */ = {isa = PBXFileReference; lastKnownFileType = image.png; path = char_9.png; sourceTree = "<group>"; };
		7E8CEE6C1D1913A1001F5ED3 /* char_8.png */ = {isa = PBXFileReference; lastKnownFileType = image.png; path = char_8.png; sourceTree = "<group>"; };
		7E8CEE6D1D1913A1001F5ED3 /* char_7.png */ = {isa = PBXFileReference; lastKnownFileType = image.png; path = char_7.png; sourceTree = "<group>"; };
		7E8CEE6E1D1913A1001F5ED3 /* char_6.png */ = {isa = PBXFileReference; lastKnownFileType = image.png; path = char_6.png; sourceTree = "<group>"; };
		7E8CEE6F1D1913A1001F5ED3 /* char_5.png */ = {isa = PBXFileReference; lastKnownFileType = image.png; path = char_5.png; sourceTree = "<group>"; };
		7E8CEE701D1913A1001F5ED3 /* char_4.png */ = {isa = PBXFileReference; lastKnownFileType = image.png; path = char_4.png; sourceTree = "<group>"; };
		7E8CEE711D1913A1001F5ED3 /* char_3.png */ = {isa = PBXFileReference; lastKnownFileType = image.png; path = char_3.png; sourceTree = "<group>"; };
		7E8CEE721D1913A1001F5ED3 /* char_2.png */ = {isa = PBXFileReference; lastKnownFileType = image.png; name = char_2.png; path = Assets.xcassets/char_2.png; sourceTree = "<group>"; };
		7E8CEE731D1913A1001F5ED3 /* char_1.png */ = {isa = PBXFileReference; lastKnownFileType = image.png; path = char_1.png; sourceTree = "<group>"; };
		7E8CEE7E1D1913EE001F5ED3 /* char_0.png */ = {isa = PBXFileReference; lastKnownFileType = image.png; path = char_0.png; sourceTree = "<group>"; };
		7EAE0F081D167FDA005C5DFF /* TextCharacter.swift */ = {isa = PBXFileReference; fileEncoding = 4; lastKnownFileType = sourcecode.swift; path = TextCharacter.swift; sourceTree = "<group>"; };
		7EAE0F0A1D168FB6005C5DFF /* char_A.png */ = {isa = PBXFileReference; lastKnownFileType = image.png; path = char_A.png; sourceTree = "<group>"; };
		7EAE0F0E1D169337005C5DFF /* char_B.png */ = {isa = PBXFileReference; lastKnownFileType = image.png; path = char_B.png; sourceTree = "<group>"; };
		7EAE0F101D169511005C5DFF /* char_C.png */ = {isa = PBXFileReference; lastKnownFileType = image.png; path = char_C.png; sourceTree = "<group>"; };
		7EAE0F121D17EE29005C5DFF /* char_G.png */ = {isa = PBXFileReference; lastKnownFileType = image.png; path = char_G.png; sourceTree = "<group>"; };
		7EAE0F131D17EE29005C5DFF /* char_F.png */ = {isa = PBXFileReference; lastKnownFileType = image.png; path = char_F.png; sourceTree = "<group>"; };
		7EAE0F141D17EE29005C5DFF /* char_E.png */ = {isa = PBXFileReference; lastKnownFileType = image.png; path = char_E.png; sourceTree = "<group>"; };
		7EAE0F151D17EE29005C5DFF /* char_D.png */ = {isa = PBXFileReference; lastKnownFileType = image.png; path = char_D.png; sourceTree = "<group>"; };
		7EAE0F1A1D18147D005C5DFF /* char_Z.png */ = {isa = PBXFileReference; lastKnownFileType = image.png; path = char_Z.png; sourceTree = "<group>"; };
		7EAE0F1B1D18147D005C5DFF /* char_Y.png */ = {isa = PBXFileReference; lastKnownFileType = image.png; path = char_Y.png; sourceTree = "<group>"; };
		7EAE0F1C1D18147D005C5DFF /* char_X.png */ = {isa = PBXFileReference; lastKnownFileType = image.png; path = char_X.png; sourceTree = "<group>"; };
		7EAE0F1D1D18147D005C5DFF /* char_W.png */ = {isa = PBXFileReference; lastKnownFileType = image.png; path = char_W.png; sourceTree = "<group>"; };
		7EAE0F1E1D18147D005C5DFF /* char_V.png */ = {isa = PBXFileReference; lastKnownFileType = image.png; path = char_V.png; sourceTree = "<group>"; };
		7EAE0F1F1D18147D005C5DFF /* char_U.png */ = {isa = PBXFileReference; lastKnownFileType = image.png; path = char_U.png; sourceTree = "<group>"; };
		7EAE0F201D18147D005C5DFF /* char_T.png */ = {isa = PBXFileReference; lastKnownFileType = image.png; path = char_T.png; sourceTree = "<group>"; };
		7EAE0F211D18147D005C5DFF /* char_S.png */ = {isa = PBXFileReference; lastKnownFileType = image.png; path = char_S.png; sourceTree = "<group>"; };
		7EAE0F221D18147D005C5DFF /* char_R.png */ = {isa = PBXFileReference; lastKnownFileType = image.png; path = char_R.png; sourceTree = "<group>"; };
		7EAE0F231D18147D005C5DFF /* char_Q.png */ = {isa = PBXFileReference; lastKnownFileType = image.png; path = char_Q.png; sourceTree = "<group>"; };
		7EAE0F241D18147D005C5DFF /* char_P.png */ = {isa = PBXFileReference; lastKnownFileType = image.png; path = char_P.png; sourceTree = "<group>"; };
		7EAE0F261D18147D005C5DFF /* char_N.png */ = {isa = PBXFileReference; lastKnownFileType = image.png; path = char_N.png; sourceTree = "<group>"; };
		7EAE0F281D18147D005C5DFF /* char_L.png */ = {isa = PBXFileReference; lastKnownFileType = image.png; path = char_L.png; sourceTree = "<group>"; };
		7EAE0F291D18147D005C5DFF /* char_K.png */ = {isa = PBXFileReference; lastKnownFileType = image.png; path = char_K.png; sourceTree = "<group>"; };
		7EAE0F2A1D18147D005C5DFF /* char_J.png */ = {isa = PBXFileReference; lastKnownFileType = image.png; path = char_J.png; sourceTree = "<group>"; };
		7EAE0F2B1D18147D005C5DFF /* char_I.png */ = {isa = PBXFileReference; lastKnownFileType = image.png; path = char_I.png; sourceTree = "<group>"; };
		7EAE0F2C1D18147D005C5DFF /* char_H.png */ = {isa = PBXFileReference; lastKnownFileType = image.png; path = char_H.png; sourceTree = "<group>"; };
		7EAE0F401D181513005C5DFF /* char_M.png */ = {isa = PBXFileReference; lastKnownFileType = image.png; path = char_M.png; sourceTree = "<group>"; };
		7EAE0F421D18159E005C5DFF /* char_O.png */ = {isa = PBXFileReference; lastKnownFileType = image.png; path = char_O.png; sourceTree = "<group>"; };
		7ED00A431CC124BD00AC0A16 /* LightVisTool.app */ = {isa = PBXFileReference; explicitFileType = wrapper.application; includeInIndex = 0; path = LightVisTool.app; sourceTree = BUILT_PRODUCTS_DIR; };
		7ED00A461CC124BD00AC0A16 /* AppDelegate.swift */ = {isa = PBXFileReference; lastKnownFileType = sourcecode.swift; path = AppDelegate.swift; sourceTree = "<group>"; };
		7ED00A481CC124BD00AC0A16 /* ViewController.swift */ = {isa = PBXFileReference; lastKnownFileType = sourcecode.swift; path = ViewController.swift; sourceTree = "<group>"; };
		7ED00A4B1CC124BD00AC0A16 /* Base */ = {isa = PBXFileReference; lastKnownFileType = file.storyboard; name = Base; path = Base.lproj/Main.storyboard; sourceTree = "<group>"; };
		7ED00A4D1CC124BD00AC0A16 /* Assets.xcassets */ = {isa = PBXFileReference; lastKnownFileType = folder.assetcatalog; path = Assets.xcassets; sourceTree = "<group>"; };
		7ED00A501CC124BD00AC0A16 /* Base */ = {isa = PBXFileReference; lastKnownFileType = file.storyboard; name = Base; path = Base.lproj/LaunchScreen.storyboard; sourceTree = "<group>"; };
		7ED00A521CC124BD00AC0A16 /* Info.plist */ = {isa = PBXFileReference; lastKnownFileType = text.plist.xml; path = Info.plist; sourceTree = "<group>"; };
		7ED00A571CC124BD00AC0A16 /* LightVisToolTests.xctest */ = {isa = PBXFileReference; explicitFileType = wrapper.cfbundle; includeInIndex = 0; path = LightVisToolTests.xctest; sourceTree = BUILT_PRODUCTS_DIR; };
		7ED00A5B1CC124BD00AC0A16 /* LightVisToolTests.swift */ = {isa = PBXFileReference; lastKnownFileType = sourcecode.swift; path = LightVisToolTests.swift; sourceTree = "<group>"; };
		7ED00A5D1CC124BD00AC0A16 /* Info.plist */ = {isa = PBXFileReference; lastKnownFileType = text.plist.xml; path = Info.plist; sourceTree = "<group>"; };
		7ED00A621CC124BD00AC0A16 /* LightVisToolUITests.xctest */ = {isa = PBXFileReference; explicitFileType = wrapper.cfbundle; includeInIndex = 0; path = LightVisToolUITests.xctest; sourceTree = BUILT_PRODUCTS_DIR; };
		7ED00A661CC124BD00AC0A16 /* LightVisToolUITests.swift */ = {isa = PBXFileReference; lastKnownFileType = sourcecode.swift; path = LightVisToolUITests.swift; sourceTree = "<group>"; };
		7ED00A681CC124BD00AC0A16 /* Info.plist */ = {isa = PBXFileReference; lastKnownFileType = text.plist.xml; path = Info.plist; sourceTree = "<group>"; };
		7ED00A741CC2737A00AC0A16 /* PreviewLight.swift */ = {isa = PBXFileReference; fileEncoding = 4; lastKnownFileType = sourcecode.swift; path = PreviewLight.swift; sourceTree = "<group>"; };
		7ED00A761CC3338E00AC0A16 /* UIDevice.swift */ = {isa = PBXFileReference; fileEncoding = 4; lastKnownFileType = sourcecode.swift; path = UIDevice.swift; sourceTree = "<group>"; };
		7ED00A781CC3678B00AC0A16 /* weather (1).png */ = {isa = PBXFileReference; lastKnownFileType = image.png; path = "weather (1).png"; sourceTree = "<group>"; };
		7ED00A7A1CC36D3000AC0A16 /* paint.png */ = {isa = PBXFileReference; lastKnownFileType = image.png; path = paint.png; sourceTree = "<group>"; };
		7ED00A7C1CC374E400AC0A16 /* paint (1).png */ = {isa = PBXFileReference; lastKnownFileType = image.png; path = "paint (1).png"; sourceTree = "<group>"; };
		7ED00A7E1CC3751D00AC0A16 /* paint (2).png */ = {isa = PBXFileReference; lastKnownFileType = image.png; path = "paint (2).png"; sourceTree = "<group>"; };
		7ED00A801CC39F1A00AC0A16 /* circle.png */ = {isa = PBXFileReference; lastKnownFileType = image.png; path = circle.png; sourceTree = "<group>"; };
		7EF4C9B21D33554A007316EC /* image_pattern.jpg */ = {isa = PBXFileReference; lastKnownFileType = image.jpeg; path = image_pattern.jpg; sourceTree = "<group>"; };
		7EF4C9B41D3359DF007316EC /* light_pattern.jpg */ = {isa = PBXFileReference; lastKnownFileType = image.jpeg; path = light_pattern.jpg; sourceTree = "<group>"; };
/* End PBXFileReference section */

/* Begin PBXFrameworksBuildPhase section */
		7ED00A401CC124BD00AC0A16 /* Frameworks */ = {
			isa = PBXFrameworksBuildPhase;
			buildActionMask = 2147483647;
			files = (
			);
			runOnlyForDeploymentPostprocessing = 0;
		};
		7ED00A541CC124BD00AC0A16 /* Frameworks */ = {
			isa = PBXFrameworksBuildPhase;
			buildActionMask = 2147483647;
			files = (
			);
			runOnlyForDeploymentPostprocessing = 0;
		};
		7ED00A5F1CC124BD00AC0A16 /* Frameworks */ = {
			isa = PBXFrameworksBuildPhase;
			buildActionMask = 2147483647;
			files = (
			);
			runOnlyForDeploymentPostprocessing = 0;
		};
/* End PBXFrameworksBuildPhase section */

/* Begin PBXGroup section */
		7E7052411D28FFD6007466D6 /* chars */ = {
			isa = PBXGroup;
			children = (
				7EAE0F401D181513005C5DFF /* char_M.png */,
				7EAE0F1A1D18147D005C5DFF /* char_Z.png */,
				7EAE0F1B1D18147D005C5DFF /* char_Y.png */,
				7EAE0F1C1D18147D005C5DFF /* char_X.png */,
				7EAE0F1D1D18147D005C5DFF /* char_W.png */,
				7EAE0F1E1D18147D005C5DFF /* char_V.png */,
				7EAE0F1F1D18147D005C5DFF /* char_U.png */,
				7EAE0F201D18147D005C5DFF /* char_T.png */,
				7EAE0F211D18147D005C5DFF /* char_S.png */,
				7EAE0F221D18147D005C5DFF /* char_R.png */,
				7EAE0F231D18147D005C5DFF /* char_Q.png */,
				7EAE0F241D18147D005C5DFF /* char_P.png */,
				7EAE0F261D18147D005C5DFF /* char_N.png */,
				7EAE0F281D18147D005C5DFF /* char_L.png */,
				7EAE0F291D18147D005C5DFF /* char_K.png */,
				7EAE0F2A1D18147D005C5DFF /* char_J.png */,
				7EAE0F2B1D18147D005C5DFF /* char_I.png */,
				7EAE0F2C1D18147D005C5DFF /* char_H.png */,
				7EAE0F121D17EE29005C5DFF /* char_G.png */,
				7EAE0F131D17EE29005C5DFF /* char_F.png */,
				7EAE0F141D17EE29005C5DFF /* char_E.png */,
				7EAE0F151D17EE29005C5DFF /* char_D.png */,
				7EAE0F101D169511005C5DFF /* char_C.png */,
				7EAE0F0E1D169337005C5DFF /* char_B.png */,
				7EAE0F0A1D168FB6005C5DFF /* char_A.png */,
				7E8CEE7E1D1913EE001F5ED3 /* char_0.png */,
				7E8CEE6A1D1913A1001F5ED3 /* char_2.png */,
				7E8CEE6B1D1913A1001F5ED3 /* char_9.png */,
				7E8CEE6C1D1913A1001F5ED3 /* char_8.png */,
				7E8CEE6D1D1913A1001F5ED3 /* char_7.png */,
				7E8CEE6E1D1913A1001F5ED3 /* char_6.png */,
				7E8CEE6F1D1913A1001F5ED3 /* char_5.png */,
				7E8CEE701D1913A1001F5ED3 /* char_4.png */,
				7E8CEE711D1913A1001F5ED3 /* char_3.png */,
				7E8CEE721D1913A1001F5ED3 /* char_2.png */,
				7E8CEE731D1913A1001F5ED3 /* char_1.png */,
				7EAE0F421D18159E005C5DFF /* char_O.png */,
			);
			name = chars;
			sourceTree = "<group>";
		};
		7E7052421D29003B007466D6 /* icons */ = {
			isa = PBXGroup;
			children = (
				7E0CFDAC1D3E2F7F00B51D80 /* save.png */,
				7E0644151D37664A00772B68 /* alpha.png */,
				7E4FA2771D3246440021442E /* add.png */,
				7E7052431D291DF2007466D6 /* text_pattern.jpg */,
				7E3D8EC91CC9C746002ABA9B /* blue_pattern.jpg */,
				7E06441B1D376B1900772B68 /* dup.png */,
				7E0644191D376A2000772B68 /* bin.png */,
				7E3D8EC41CC9BC28002ABA9B /* green_pattern.jpg */,
				7E303EED1CD1A34000241163 /* ipad_vistool_icon.png */,
				7E3D8ECD1CC9DBED002ABA9B /* brightness_icon.png */,
				7E303EE91CCF5E0F00241163 /* lamp line 3.jpg */,
				7E303EE71CCF0F9D00241163 /* line3_pattern.jpg */,
				7E3D8ECF1CC9DC05002ABA9B /* brightness_pattern.jpg */,
				7E3D8EC71CC9BCCE002ABA9B /* red_pattern.jpg */,
				7ED00A801CC39F1A00AC0A16 /* circle.png */,
				7EF4C9B21D33554A007316EC /* image_pattern.jpg */,
				7E303EEB1CD18F4300241163 /* line4_pattern.jpg */,
				7EF4C9B41D3359DF007316EC /* light_pattern.jpg */,
				7E303EE31CCF09ED00241163 /* line2_pattern.jpg */,
				7E3D8ED51CCA0976002ABA9B /* line_pattern.jpg */,
				7E40DD391CC4D1C600440435 /* default.png */,
				7E3D8ED11CC9F66C002ABA9B /* circle_pattern.jpg */,
				7ED00A781CC3678B00AC0A16 /* weather (1).png */,
				7ED00A7E1CC3751D00AC0A16 /* paint (2).png */,
				7E3D8ED31CC9FF3A002ABA9B /* rect_pattern.jpg */,
				7ED00A7C1CC374E400AC0A16 /* paint (1).png */,
				7ED00A7A1CC36D3000AC0A16 /* paint.png */,
			);
			name = icons;
			sourceTree = "<group>";
		};
		7ED00A3A1CC124BD00AC0A16 = {
			isa = PBXGroup;
			children = (
				7ED00A451CC124BD00AC0A16 /* LightVisTool */,
				7ED00A5A1CC124BD00AC0A16 /* LightVisToolTests */,
				7ED00A651CC124BD00AC0A16 /* LightVisToolUITests */,
				7ED00A441CC124BD00AC0A16 /* Products */,
			);
			sourceTree = "<group>";
		};
		7ED00A441CC124BD00AC0A16 /* Products */ = {
			isa = PBXGroup;
			children = (
				7ED00A431CC124BD00AC0A16 /* LightVisTool.app */,
				7ED00A571CC124BD00AC0A16 /* LightVisToolTests.xctest */,
				7ED00A621CC124BD00AC0A16 /* LightVisToolUITests.xctest */,
			);
			name = Products;
			sourceTree = "<group>";
		};
		7ED00A451CC124BD00AC0A16 /* LightVisTool */ = {
			isa = PBXGroup;
			children = (
				7E806E9B1D32597B0003B679 /* BrightnessView.swift */,
				7E0644111D36359A00772B68 /* AlphaView.swift */,
				7E806E9C1D32597B0003B679 /* SwiftHSVColorPicker.swift */,
				7E806E9D1D32597B0003B679 /* ColorUtils.swift */,
				7E806E9E1D32597B0003B679 /* ColorWheel.swift */,
				7E806E9F1D32597B0003B679 /* SelectedColorView.swift */,
				7E4F55581D3213E70019B66E /* DrawCollectionViewCell.swift */,
				7E7052421D29003B007466D6 /* icons */,
				7E7052411D28FFD6007466D6 /* chars */,
				7E3D8EBF1CC8C353002ABA9B /* LightPatternCollectionViewCell.swift */,
				7E0342401D2FC5F50050043F /* RedLightPattern.swift */,
				7ED00A461CC124BD00AC0A16 /* AppDelegate.swift */,
				7ED00A481CC124BD00AC0A16 /* ViewController.swift */,
				7E5F066E1D2F8E7800CE5A62 /* ImageCollectionViewCell.swift */,
				7ED00A4A1CC124BD00AC0A16 /* Main.storyboard */,
				7ED00A761CC3338E00AC0A16 /* UIDevice.swift */,
				7ED00A4D1CC124BD00AC0A16 /* Assets.xcassets */,
				7E3D8EC31CC9BC28002ABA9B /* green_icon.png */,
				7E40DD371CC4CF0D00440435 /* FontAwesome.otf */,
				7ED00A4F1CC124BD00AC0A16 /* LaunchScreen.storyboard */,
				7ED00A521CC124BD00AC0A16 /* Info.plist */,
				7ED00A741CC2737A00AC0A16 /* PreviewLight.swift */,
				7EAE0F081D167FDA005C5DFF /* TextCharacter.swift */,
			);
			path = LightVisTool;
			sourceTree = "<group>";
		};
		7ED00A5A1CC124BD00AC0A16 /* LightVisToolTests */ = {
			isa = PBXGroup;
			children = (
				7ED00A5B1CC124BD00AC0A16 /* LightVisToolTests.swift */,
				7ED00A5D1CC124BD00AC0A16 /* Info.plist */,
			);
			path = LightVisToolTests;
			sourceTree = "<group>";
		};
		7ED00A651CC124BD00AC0A16 /* LightVisToolUITests */ = {
			isa = PBXGroup;
			children = (
				7ED00A661CC124BD00AC0A16 /* LightVisToolUITests.swift */,
				7ED00A681CC124BD00AC0A16 /* Info.plist */,
			);
			path = LightVisToolUITests;
			sourceTree = "<group>";
		};
/* End PBXGroup section */

/* Begin PBXNativeTarget section */
		7ED00A421CC124BD00AC0A16 /* LightVisTool */ = {
			isa = PBXNativeTarget;
			buildConfigurationList = 7ED00A6B1CC124BD00AC0A16 /* Build configuration list for PBXNativeTarget "LightVisTool" */;
			buildPhases = (
				7ED00A3F1CC124BD00AC0A16 /* Sources */,
				7ED00A401CC124BD00AC0A16 /* Frameworks */,
				7ED00A411CC124BD00AC0A16 /* Resources */,
				7E2655BA1D28F8A1005E6D07 /* Embed App Extensions */,
			);
			buildRules = (
			);
			dependencies = (
			);
			name = LightVisTool;
			productName = LightVisTool;
			productReference = 7ED00A431CC124BD00AC0A16 /* LightVisTool.app */;
			productType = "com.apple.product-type.application";
		};
		7ED00A561CC124BD00AC0A16 /* LightVisToolTests */ = {
			isa = PBXNativeTarget;
			buildConfigurationList = 7ED00A6E1CC124BD00AC0A16 /* Build configuration list for PBXNativeTarget "LightVisToolTests" */;
			buildPhases = (
				7ED00A531CC124BD00AC0A16 /* Sources */,
				7ED00A541CC124BD00AC0A16 /* Frameworks */,
				7ED00A551CC124BD00AC0A16 /* Resources */,
			);
			buildRules = (
			);
			dependencies = (
				7ED00A591CC124BD00AC0A16 /* PBXTargetDependency */,
			);
			name = LightVisToolTests;
			productName = LightVisToolTests;
			productReference = 7ED00A571CC124BD00AC0A16 /* LightVisToolTests.xctest */;
			productType = "com.apple.product-type.bundle.unit-test";
		};
		7ED00A611CC124BD00AC0A16 /* LightVisToolUITests */ = {
			isa = PBXNativeTarget;
			buildConfigurationList = 7ED00A711CC124BD00AC0A16 /* Build configuration list for PBXNativeTarget "LightVisToolUITests" */;
			buildPhases = (
				7ED00A5E1CC124BD00AC0A16 /* Sources */,
				7ED00A5F1CC124BD00AC0A16 /* Frameworks */,
				7ED00A601CC124BD00AC0A16 /* Resources */,
			);
			buildRules = (
			);
			dependencies = (
				7ED00A641CC124BD00AC0A16 /* PBXTargetDependency */,
			);
			name = LightVisToolUITests;
			productName = LightVisToolUITests;
			productReference = 7ED00A621CC124BD00AC0A16 /* LightVisToolUITests.xctest */;
			productType = "com.apple.product-type.bundle.ui-testing";
		};
/* End PBXNativeTarget section */

/* Begin PBXProject section */
		7ED00A3B1CC124BD00AC0A16 /* Project object */ = {
			isa = PBXProject;
			attributes = {
				LastSwiftUpdateCheck = 0730;
				LastUpgradeCheck = 0720;
				ORGANIZATIONNAME = "Marius Hoggenmüller";
				TargetAttributes = {
					7ED00A421CC124BD00AC0A16 = {
						CreatedOnToolsVersion = 7.2;
						DevelopmentTeam = 5LU8AYG8P3;
					};
					7ED00A561CC124BD00AC0A16 = {
						CreatedOnToolsVersion = 7.2;
						TestTargetID = 7ED00A421CC124BD00AC0A16;
					};
					7ED00A611CC124BD00AC0A16 = {
						CreatedOnToolsVersion = 7.2;
						TestTargetID = 7ED00A421CC124BD00AC0A16;
					};
				};
			};
			buildConfigurationList = 7ED00A3E1CC124BD00AC0A16 /* Build configuration list for PBXProject "LightVisTool" */;
			compatibilityVersion = "Xcode 3.2";
			developmentRegion = English;
			hasScannedForEncodings = 0;
			knownRegions = (
				en,
				Base,
			);
			mainGroup = 7ED00A3A1CC124BD00AC0A16;
			productRefGroup = 7ED00A441CC124BD00AC0A16 /* Products */;
			projectDirPath = "";
			projectRoot = "";
			targets = (
				7ED00A421CC124BD00AC0A16 /* LightVisTool */,
				7ED00A561CC124BD00AC0A16 /* LightVisToolTests */,
				7ED00A611CC124BD00AC0A16 /* LightVisToolUITests */,
			);
		};
/* End PBXProject section */

/* Begin PBXResourcesBuildPhase section */
		7ED00A411CC124BD00AC0A16 /* Resources */ = {
			isa = PBXResourcesBuildPhase;
			buildActionMask = 2147483647;
			files = (
				7E4FA2781D3246440021442E /* add.png in Resources */,
				7E8CEE7F1D1913EE001F5ED3 /* char_0.png in Resources */,
				7E303EEC1CD18F4300241163 /* line4_pattern.jpg in Resources */,
				7E3D8ECA1CC9C746002ABA9B /* blue_pattern.jpg in Resources */,
				7E06441A1D376A2000772B68 /* bin.png in Resources */,
				7E3D8EC51CC9BC28002ABA9B /* green_icon.png in Resources */,
				7E8CEE761D1913A1001F5ED3 /* char_8.png in Resources */,
				7E3D8ED61CCA0976002ABA9B /* line_pattern.jpg in Resources */,
				7EAE0F391D18147D005C5DFF /* char_N.png in Resources */,
				7E40DD381CC4CFBE00440435 /* FontAwesome.otf in Resources */,
				7EAE0F301D18147D005C5DFF /* char_W.png in Resources */,
				7E3D8EC61CC9BC28002ABA9B /* green_pattern.jpg in Resources */,
				7E3D8ED41CC9FF3A002ABA9B /* rect_pattern.jpg in Resources */,
				7EAE0F311D18147D005C5DFF /* char_V.png in Resources */,
				7E3D8ECE1CC9DBED002ABA9B /* brightness_icon.png in Resources */,
				7EAE0F0F1D169337005C5DFF /* char_B.png in Resources */,
				7E303EEA1CCF5E0F00241163 /* lamp line 3.jpg in Resources */,
				7E303EE81CCF0F9D00241163 /* line3_pattern.jpg in Resources */,
				7E8CEE7D1D1913A1001F5ED3 /* char_1.png in Resources */,
				7E8CEE7B1D1913A1001F5ED3 /* char_3.png in Resources */,
				7ED00A791CC3678B00AC0A16 /* weather (1).png in Resources */,
				7EAE0F431D18159E005C5DFF /* char_O.png in Resources */,
				7EAE0F111D169511005C5DFF /* char_C.png in Resources */,
				7ED00A511CC124BD00AC0A16 /* LaunchScreen.storyboard in Resources */,
				7ED00A7B1CC36D3000AC0A16 /* paint.png in Resources */,
				7E303EEE1CD1A34000241163 /* ipad_vistool_icon.png in Resources */,
				7EAE0F331D18147D005C5DFF /* char_T.png in Resources */,
				7EAE0F3D1D18147D005C5DFF /* char_J.png in Resources */,
				7EAE0F191D17EE29005C5DFF /* char_D.png in Resources */,
				7E8CEE7C1D1913A1001F5ED3 /* char_2.png in Resources */,
				7E8CEE751D1913A1001F5ED3 /* char_9.png in Resources */,
				7E8CEE781D1913A1001F5ED3 /* char_6.png in Resources */,
				7E0644161D37664A00772B68 /* alpha.png in Resources */,
				7E8CEE741D1913A1001F5ED3 /* char_2.png in Resources */,
				7EF4C9B31D33554A007316EC /* image_pattern.jpg in Resources */,
				7EAE0F351D18147D005C5DFF /* char_R.png in Resources */,
				7E3D8EC81CC9BCCE002ABA9B /* red_pattern.jpg in Resources */,
				7EAE0F0B1D168FB6005C5DFF /* char_A.png in Resources */,
				7E303EE41CCF09ED00241163 /* line2_pattern.jpg in Resources */,
				7E06441C1D376B1900772B68 /* dup.png in Resources */,
				7EAE0F3E1D18147D005C5DFF /* char_I.png in Resources */,
				7EAE0F341D18147D005C5DFF /* char_S.png in Resources */,
				7EAE0F321D18147D005C5DFF /* char_U.png in Resources */,
				7E8CEE771D1913A1001F5ED3 /* char_7.png in Resources */,
				7EAE0F371D18147D005C5DFF /* char_P.png in Resources */,
				7EAE0F2F1D18147D005C5DFF /* char_X.png in Resources */,
				7EAE0F2D1D18147D005C5DFF /* char_Z.png in Resources */,
				7ED00A4E1CC124BD00AC0A16 /* Assets.xcassets in Resources */,
				7E8CEE7A1D1913A1001F5ED3 /* char_4.png in Resources */,
				7E8CEE791D1913A1001F5ED3 /* char_5.png in Resources */,
				7E0CFDAD1D3E2F7F00B51D80 /* save.png in Resources */,
				7E3D8ED21CC9F66C002ABA9B /* circle_pattern.jpg in Resources */,
				7EAE0F161D17EE29005C5DFF /* char_G.png in Resources */,
				7E7052441D291DF2007466D6 /* text_pattern.jpg in Resources */,
				7EAE0F171D17EE29005C5DFF /* char_F.png in Resources */,
				7ED00A7D1CC374E400AC0A16 /* paint (1).png in Resources */,
				7EAE0F2E1D18147D005C5DFF /* char_Y.png in Resources */,
				7EF4C9B51D3359DF007316EC /* light_pattern.jpg in Resources */,
				7EAE0F411D181513005C5DFF /* char_M.png in Resources */,
				7E3D8ED01CC9DC05002ABA9B /* brightness_pattern.jpg in Resources */,
				7EAE0F3F1D18147D005C5DFF /* char_H.png in Resources */,
				7EAE0F361D18147D005C5DFF /* char_Q.png in Resources */,
				7EAE0F181D17EE29005C5DFF /* char_E.png in Resources */,
				7EAE0F3C1D18147D005C5DFF /* char_K.png in Resources */,
				7ED00A7F1CC3751D00AC0A16 /* paint (2).png in Resources */,
				7EAE0F3B1D18147D005C5DFF /* char_L.png in Resources */,
				7ED00A4C1CC124BD00AC0A16 /* Main.storyboard in Resources */,
				7ED00A811CC39F1A00AC0A16 /* circle.png in Resources */,
				7E40DD3A1CC4D1C600440435 /* default.png in Resources */,
			);
			runOnlyForDeploymentPostprocessing = 0;
		};
		7ED00A551CC124BD00AC0A16 /* Resources */ = {
			isa = PBXResourcesBuildPhase;
			buildActionMask = 2147483647;
			files = (
			);
			runOnlyForDeploymentPostprocessing = 0;
		};
		7ED00A601CC124BD00AC0A16 /* Resources */ = {
			isa = PBXResourcesBuildPhase;
			buildActionMask = 2147483647;
			files = (
			);
			runOnlyForDeploymentPostprocessing = 0;
		};
/* End PBXResourcesBuildPhase section */

/* Begin PBXSourcesBuildPhase section */
		7ED00A3F1CC124BD00AC0A16 /* Sources */ = {
			isa = PBXSourcesBuildPhase;
			buildActionMask = 2147483647;
			files = (
				7ED00A491CC124BD00AC0A16 /* ViewController.swift in Sources */,
				7E4F55591D3213E70019B66E /* DrawCollectionViewCell.swift in Sources */,
				7E0342411D2FC5F50050043F /* RedLightPattern.swift in Sources */,
				7E806EA41D32597B0003B679 /* SelectedColorView.swift in Sources */,
				7E806EA21D32597B0003B679 /* ColorUtils.swift in Sources */,
				7EAE0F091D167FDA005C5DFF /* TextCharacter.swift in Sources */,
				7E5F066F1D2F8E7800CE5A62 /* ImageCollectionViewCell.swift in Sources */,
				7E3D8EC01CC8C353002ABA9B /* LightPatternCollectionViewCell.swift in Sources */,
				7E806EA11D32597B0003B679 /* SwiftHSVColorPicker.swift in Sources */,
				7ED00A751CC2737A00AC0A16 /* PreviewLight.swift in Sources */,
				7E806EA31D32597B0003B679 /* ColorWheel.swift in Sources */,
				7E0644121D36359A00772B68 /* AlphaView.swift in Sources */,
				7ED00A471CC124BD00AC0A16 /* AppDelegate.swift in Sources */,
				7ED00A771CC3338E00AC0A16 /* UIDevice.swift in Sources */,
				7E806EA01D32597B0003B679 /* BrightnessView.swift in Sources */,
			);
			runOnlyForDeploymentPostprocessing = 0;
		};
		7ED00A531CC124BD00AC0A16 /* Sources */ = {
			isa = PBXSourcesBuildPhase;
			buildActionMask = 2147483647;
			files = (
				7ED00A5C1CC124BD00AC0A16 /* LightVisToolTests.swift in Sources */,
			);
			runOnlyForDeploymentPostprocessing = 0;
		};
		7ED00A5E1CC124BD00AC0A16 /* Sources */ = {
			isa = PBXSourcesBuildPhase;
			buildActionMask = 2147483647;
			files = (
				7ED00A671CC124BD00AC0A16 /* LightVisToolUITests.swift in Sources */,
			);
			runOnlyForDeploymentPostprocessing = 0;
		};
/* End PBXSourcesBuildPhase section */

/* Begin PBXTargetDependency section */
		7ED00A591CC124BD00AC0A16 /* PBXTargetDependency */ = {
			isa = PBXTargetDependency;
			target = 7ED00A421CC124BD00AC0A16 /* LightVisTool */;
			targetProxy = 7ED00A581CC124BD00AC0A16 /* PBXContainerItemProxy */;
		};
		7ED00A641CC124BD00AC0A16 /* PBXTargetDependency */ = {
			isa = PBXTargetDependency;
			target = 7ED00A421CC124BD00AC0A16 /* LightVisTool */;
			targetProxy = 7ED00A631CC124BD00AC0A16 /* PBXContainerItemProxy */;
		};
/* End PBXTargetDependency section */

/* Begin PBXVariantGroup section */
		7ED00A4A1CC124BD00AC0A16 /* Main.storyboard */ = {
			isa = PBXVariantGroup;
			children = (
				7ED00A4B1CC124BD00AC0A16 /* Base */,
			);
			name = Main.storyboard;
			sourceTree = "<group>";
		};
		7ED00A4F1CC124BD00AC0A16 /* LaunchScreen.storyboard */ = {
			isa = PBXVariantGroup;
			children = (
				7ED00A501CC124BD00AC0A16 /* Base */,
			);
			name = LaunchScreen.storyboard;
			sourceTree = "<group>";
		};
/* End PBXVariantGroup section */

/* Begin XCBuildConfiguration section */
		7ED00A691CC124BD00AC0A16 /* Debug */ = {
			isa = XCBuildConfiguration;
			buildSettings = {
				ALWAYS_SEARCH_USER_PATHS = NO;
				CLANG_CXX_LANGUAGE_STANDARD = "gnu++0x";
				CLANG_CXX_LIBRARY = "libc++";
				CLANG_ENABLE_MODULES = YES;
				CLANG_ENABLE_OBJC_ARC = YES;
				CLANG_WARN_BOOL_CONVERSION = YES;
				CLANG_WARN_CONSTANT_CONVERSION = YES;
				CLANG_WARN_DIRECT_OBJC_ISA_USAGE = YES_ERROR;
				CLANG_WARN_EMPTY_BODY = YES;
				CLANG_WARN_ENUM_CONVERSION = YES;
				CLANG_WARN_INT_CONVERSION = YES;
				CLANG_WARN_OBJC_ROOT_CLASS = YES_ERROR;
				CLANG_WARN_UNREACHABLE_CODE = YES;
				CLANG_WARN__DUPLICATE_METHOD_MATCH = YES;
				"CODE_SIGN_IDENTITY[sdk=iphoneos*]" = "iPhone Developer";
				COPY_PHASE_STRIP = NO;
				DEBUG_INFORMATION_FORMAT = dwarf;
				ENABLE_STRICT_OBJC_MSGSEND = YES;
				ENABLE_TESTABILITY = YES;
				GCC_C_LANGUAGE_STANDARD = gnu99;
				GCC_DYNAMIC_NO_PIC = NO;
				GCC_NO_COMMON_BLOCKS = YES;
				GCC_OPTIMIZATION_LEVEL = 0;
				GCC_PREPROCESSOR_DEFINITIONS = (
					"DEBUG=1",
					"$(inherited)",
				);
				GCC_WARN_64_TO_32_BIT_CONVERSION = YES;
				GCC_WARN_ABOUT_RETURN_TYPE = YES_ERROR;
				GCC_WARN_UNDECLARED_SELECTOR = YES;
				GCC_WARN_UNINITIALIZED_AUTOS = YES_AGGRESSIVE;
				GCC_WARN_UNUSED_FUNCTION = YES;
				GCC_WARN_UNUSED_VARIABLE = YES;
				IPHONEOS_DEPLOYMENT_TARGET = 9.2;
				MTL_ENABLE_DEBUG_INFO = YES;
				ONLY_ACTIVE_ARCH = YES;
				SDKROOT = iphoneos;
				SWIFT_OPTIMIZATION_LEVEL = "-Onone";
				TARGETED_DEVICE_FAMILY = 2;
			};
			name = Debug;
		};
		7ED00A6A1CC124BD00AC0A16 /* Release */ = {
			isa = XCBuildConfiguration;
			buildSettings = {
				ALWAYS_SEARCH_USER_PATHS = NO;
				CLANG_CXX_LANGUAGE_STANDARD = "gnu++0x";
				CLANG_CXX_LIBRARY = "libc++";
				CLANG_ENABLE_MODULES = YES;
				CLANG_ENABLE_OBJC_ARC = YES;
				CLANG_WARN_BOOL_CONVERSION = YES;
				CLANG_WARN_CONSTANT_CONVERSION = YES;
				CLANG_WARN_DIRECT_OBJC_ISA_USAGE = YES_ERROR;
				CLANG_WARN_EMPTY_BODY = YES;
				CLANG_WARN_ENUM_CONVERSION = YES;
				CLANG_WARN_INT_CONVERSION = YES;
				CLANG_WARN_OBJC_ROOT_CLASS = YES_ERROR;
				CLANG_WARN_UNREACHABLE_CODE = YES;
				CLANG_WARN__DUPLICATE_METHOD_MATCH = YES;
				"CODE_SIGN_IDENTITY[sdk=iphoneos*]" = "iPhone Developer";
				COPY_PHASE_STRIP = NO;
				DEBUG_INFORMATION_FORMAT = "dwarf-with-dsym";
				ENABLE_NS_ASSERTIONS = NO;
				ENABLE_STRICT_OBJC_MSGSEND = YES;
				GCC_C_LANGUAGE_STANDARD = gnu99;
				GCC_NO_COMMON_BLOCKS = YES;
				GCC_WARN_64_TO_32_BIT_CONVERSION = YES;
				GCC_WARN_ABOUT_RETURN_TYPE = YES_ERROR;
				GCC_WARN_UNDECLARED_SELECTOR = YES;
				GCC_WARN_UNINITIALIZED_AUTOS = YES_AGGRESSIVE;
				GCC_WARN_UNUSED_FUNCTION = YES;
				GCC_WARN_UNUSED_VARIABLE = YES;
				IPHONEOS_DEPLOYMENT_TARGET = 9.2;
				MTL_ENABLE_DEBUG_INFO = NO;
				SDKROOT = iphoneos;
				TARGETED_DEVICE_FAMILY = 2;
				VALIDATE_PRODUCT = YES;
			};
			name = Release;
		};
		7ED00A6C1CC124BD00AC0A16 /* Debug */ = {
			isa = XCBuildConfiguration;
			buildSettings = {
				ASSETCATALOG_COMPILER_APPICON_NAME = AppIcon;
				CLANG_ENABLE_MODULES = YES;
				CODE_SIGN_IDENTITY = "iPhone Developer";
				"CODE_SIGN_IDENTITY[sdk=iphoneos*]" = "iPhone Developer";
				INFOPLIST_FILE = LightVisTool/Info.plist;
				IPHONEOS_DEPLOYMENT_TARGET = 9.1;
				LD_RUNPATH_SEARCH_PATHS = "$(inherited) @executable_path/Frameworks";
				PRODUCT_BUNDLE_IDENTIFIER = "-.LightVisTool";
				PRODUCT_NAME = "$(TARGET_NAME)";
				PROVISIONING_PROFILE = "";
				SWIFT_OPTIMIZATION_LEVEL = "-Onone";
				TARGETED_DEVICE_FAMILY = "1,2";
			};
			name = Debug;
		};
		7ED00A6D1CC124BD00AC0A16 /* Release */ = {
			isa = XCBuildConfiguration;
			buildSettings = {
				ASSETCATALOG_COMPILER_APPICON_NAME = AppIcon;
				CLANG_ENABLE_MODULES = YES;
				CODE_SIGN_IDENTITY = "iPhone Developer";
				"CODE_SIGN_IDENTITY[sdk=iphoneos*]" = "iPhone Developer";
				INFOPLIST_FILE = LightVisTool/Info.plist;
				IPHONEOS_DEPLOYMENT_TARGET = 9.1;
				LD_RUNPATH_SEARCH_PATHS = "$(inherited) @executable_path/Frameworks";
				PRODUCT_BUNDLE_IDENTIFIER = "-.LightVisTool";
				PRODUCT_NAME = "$(TARGET_NAME)";
				PROVISIONING_PROFILE = "";
				TARGETED_DEVICE_FAMILY = "1,2";
			};
			name = Release;
		};
		7ED00A6F1CC124BD00AC0A16 /* Debug */ = {
			isa = XCBuildConfiguration;
			buildSettings = {
				BUNDLE_LOADER = "$(TEST_HOST)";
				INFOPLIST_FILE = LightVisToolTests/Info.plist;
				LD_RUNPATH_SEARCH_PATHS = "$(inherited) @executable_path/Frameworks @loader_path/Frameworks";
				PRODUCT_BUNDLE_IDENTIFIER = "de.uni-muenchen.media-architecture.LightVisToolTests";
				PRODUCT_NAME = "$(TARGET_NAME)";
				TEST_HOST = "$(BUILT_PRODUCTS_DIR)/LightVisTool.app/LightVisTool";
			};
			name = Debug;
		};
		7ED00A701CC124BD00AC0A16 /* Release */ = {
			isa = XCBuildConfiguration;
			buildSettings = {
				BUNDLE_LOADER = "$(TEST_HOST)";
				INFOPLIST_FILE = LightVisToolTests/Info.plist;
				LD_RUNPATH_SEARCH_PATHS = "$(inherited) @executable_path/Frameworks @loader_path/Frameworks";
				PRODUCT_BUNDLE_IDENTIFIER = "de.uni-muenchen.media-architecture.LightVisToolTests";
				PRODUCT_NAME = "$(TARGET_NAME)";
				TEST_HOST = "$(BUILT_PRODUCTS_DIR)/LightVisTool.app/LightVisTool";
			};
			name = Release;
		};
		7ED00A721CC124BD00AC0A16 /* Debug */ = {
			isa = XCBuildConfiguration;
			buildSettings = {
				INFOPLIST_FILE = LightVisToolUITests/Info.plist;
				LD_RUNPATH_SEARCH_PATHS = "$(inherited) @executable_path/Frameworks @loader_path/Frameworks";
				PRODUCT_BUNDLE_IDENTIFIER = "de.uni-muenchen.media-architecture.LightVisToolUITests";
				PRODUCT_NAME = "$(TARGET_NAME)";
				TEST_TARGET_NAME = LightVisTool;
				USES_XCTRUNNER = YES;
			};
			name = Debug;
		};
		7ED00A731CC124BD00AC0A16 /* Release */ = {
			isa = XCBuildConfiguration;
			buildSettings = {
				INFOPLIST_FILE = LightVisToolUITests/Info.plist;
				LD_RUNPATH_SEARCH_PATHS = "$(inherited) @executable_path/Frameworks @loader_path/Frameworks";
				PRODUCT_BUNDLE_IDENTIFIER = "de.uni-muenchen.media-architecture.LightVisToolUITests";
				PRODUCT_NAME = "$(TARGET_NAME)";
				TEST_TARGET_NAME = LightVisTool;
				USES_XCTRUNNER = YES;
			};
			name = Release;
		};
/* End XCBuildConfiguration section */

/* Begin XCConfigurationList section */
		7ED00A3E1CC124BD00AC0A16 /* Build configuration list for PBXProject "LightVisTool" */ = {
			isa = XCConfigurationList;
			buildConfigurations = (
				7ED00A691CC124BD00AC0A16 /* Debug */,
				7ED00A6A1CC124BD00AC0A16 /* Release */,
			);
			defaultConfigurationIsVisible = 0;
			defaultConfigurationName = Release;
		};
		7ED00A6B1CC124BD00AC0A16 /* Build configuration list for PBXNativeTarget "LightVisTool" */ = {
			isa = XCConfigurationList;
			buildConfigurations = (
				7ED00A6C1CC124BD00AC0A16 /* Debug */,
				7ED00A6D1CC124BD00AC0A16 /* Release */,
			);
			defaultConfigurationIsVisible = 0;
			defaultConfigurationName = Release;
		};
		7ED00A6E1CC124BD00AC0A16 /* Build configuration list for PBXNativeTarget "LightVisToolTests" */ = {
			isa = XCConfigurationList;
			buildConfigurations = (
				7ED00A6F1CC124BD00AC0A16 /* Debug */,
				7ED00A701CC124BD00AC0A16 /* Release */,
			);
			defaultConfigurationIsVisible = 0;
			defaultConfigurationName = Release;
		};
		7ED00A711CC124BD00AC0A16 /* Build configuration list for PBXNativeTarget "LightVisToolUITests" */ = {
			isa = XCConfigurationList;
			buildConfigurations = (
				7ED00A721CC124BD00AC0A16 /* Debug */,
				7ED00A731CC124BD00AC0A16 /* Release */,
			);
			defaultConfigurationIsVisible = 0;
			defaultConfigurationName = Release;
		};
/* End XCConfigurationList section */
	};
	rootObject = 7ED00A3B1CC124BD00AC0A16 /* Project object */;
}
